Microsoft Visual Studio Solution File, Format Version 12.00
# Visual Studio Version 17
VisualStudioVersion = 17.5.2.0
MinimumVisualStudioVersion = 10.0.40219.1
Project("{FAE04EC0-301F-11D3-BF4B-00C04F79EFBC}") = "Tarea 9 - Uso Linq Proy", "Tarea 9 - Uso Linq Proy.csproj", "{A78933A2-40C1-9E2C-C49D-740CAC9F6EB1}"
EndProject
Global
	GlobalSection(SolutionConfigurationPlatforms) = preSolution
		Debug|Any CPU = Debug|Any CPU
		Release|Any CPU = Release|Any CPU
	EndGlobalSection
	GlobalSection(ProjectConfigurationPlatforms) = postSolution
		{A78933A2-40C1-9E2C-C49D-740CAC9F6EB1}.Debug|Any CPU.ActiveCfg = Debug|Any CPU
		{A78933A2-40C1-9E2C-C49D-740CAC9F6EB1}.Debug|Any CPU.Build.0 = Debug|Any CPU
		{A78933A2-40C1-9E2C-C49D-740CAC9F6EB1}.Release|Any CPU.ActiveCfg = Release|Any CPU
		{A78933A2-40C1-9E2C-C49D-740CAC9F6EB1}.Release|Any CPU.Build.0 = Release|Any CPU
	EndGlobalSection
	GlobalSection(SolutionProperties) = preSolution
		HideSolutionNode = FALSE
	EndGlobalSection
	GlobalSection(ExtensibilityGlobals) = postSolution
		SolutionGuid = {1D5D71E9-BE26-4D96-BCEE-E5119E51214B}
	EndGlobalSection
EndGlobal
